PODS:
  - Capacitor (5.2.2):
    - CapacitorCordova
  - CapacitorApp (5.0.6):
    - Capacitor
  - CapacitorCordova (5.2.2)
  - CapacitorHaptics (5.0.6):
    - Capacitor
  - CapacitorKeyboard (5.0.6):
    - Capacitor
  - CapacitorStatusBar (5.0.6):
    - Capacitor

DEPENDENCIES:
  - "Capacitor (from `../../node_modules/@capacitor/ios`)"
  - "CapacitorApp (from `../../node_modules/@capacitor/app`)"
  - "CapacitorCordova (from `../../node_modules/@capacitor/ios`)"
  - "CapacitorHaptics (from `../../node_modules/@capacitor/haptics`)"
  - "CapacitorKeyboard (from `../../node_modules/@capacitor/keyboard`)"
  - "CapacitorStatusBar (from `../../node_modules/@capacitor/status-bar`)"

EXTERNAL SOURCES:
  Capacitor:
    :path: "../../node_modules/@capacitor/ios"
  CapacitorApp:
    :path: "../../node_modules/@capacitor/app"
  CapacitorCordova:
    :path: "../../node_modules/@capacitor/ios"
  CapacitorHaptics:
    :path: "../../node_modules/@capacitor/haptics"
  CapacitorKeyboard:
    :path: "../../node_modules/@capacitor/keyboard"
  CapacitorStatusBar:
    :path: "../../node_modules/@capacitor/status-bar"

SPEC CHECKSUMS:
  Capacitor: 16df38c346dc18b6f3c91df9b119eb5d32bb88bc
  CapacitorApp: 3bef09d0bbb9698fd1766398499f306647156bbf
  CapacitorCordova: 3773395d5331add072300ff6041ca2cf7b93cb0b
  CapacitorHaptics: c56885bd07919be808b38db507507919ce4d1b09
  CapacitorKeyboard: 673a4a303383a61f4d360c871f121f8bbaa745b6
  CapacitorStatusBar: f7e05ad7e5fb1a1cdacd2f0b55d488550ca07c41

PODFILE CHECKSUM: 1f4fb087472df4d4f5084a23c31f83289d854bf1

COCOAPODS: 1.16.2
