PODS:
  - Alamofire (5.6.2)
  - PerimeterX (3.0.2)

DEPENDENCIES:
  - Alamofire (~> 5.6.2)
  - PerimeterX (= 3.0.2)

SPEC REPOS:
  trunk:
    - Alamofire
    - PerimeterX

SPEC CHECKSUMS:
  Alamofire: d368e1ff8a298e6dde360e35a3e68e6c610e7204
  PerimeterX: 6d4992b0bd4e06b89220f0911e738df49a37d7e9

PODFILE CHECKSUM: fe85755a19f99df73328ef63fef5793f71eae849

COCOAPODS: 1.11.2
