PODS:
  - Alamofire (5.6.2)
  - PerimeterX (3.1.0)

DEPENDENCIES:
  - Alamofire (~> 5.6.2)
  - PerimeterX (= 3.1.0)

SPEC REPOS:
  trunk:
    - Alamofire
    - PerimeterX

SPEC CHECKSUMS:
  Alamofire: d368e1ff8a298e6dde360e35a3e68e6c610e7204
  PerimeterX: 1a33bc9a3d9cf7ea1812d14e7865629dfa37cfe9

PODFILE CHECKSUM: 2e185f90cdd7013588baffd8b151c618f38cab42

COCOAPODS: 1.14.3
